
Microsoft Visual Studio Solution File, Format Version 12.00
# Visual Studio 15
Project("{FAE04EC0-301F-11D3-BF4B-00C04F79EFBC}") = "Assembly-CSharp", "Assembly-CSharp.csproj", "{8966E7AB-8FF2-AF82-A372-F1FD7C6F5922}"
EndProject
Project("{FAE04EC0-301F-11D3-BF4B-00C04F79EFBC}") = "Assembly-CSharp-Editor", "Assembly-CSharp-Editor.csproj", "{366E8425-4033-671F-D56D-DCF27FDF1BF1}"
EndProject
Global
	GlobalSection(SolutionConfigurationPlatforms) = preSolution
		Debug|Any CPU = Debug|Any CPU
		Release|Any CPU = Release|Any CPU
	EndGlobalSection
	GlobalSection(ProjectConfigurationPlatforms) = postSolution
		{8966E7AB-8FF2-AF82-A372-F1FD7C6F5922}.Debug|Any CPU.ActiveCfg = Debug|Any CPU
		{8966E7AB-8FF2-AF82-A372-F1FD7C6F5922}.Debug|Any CPU.Build.0 = Debug|Any CPU
		{8966E7AB-8FF2-AF82-A372-F1FD7C6F5922}.Release|Any CPU.ActiveCfg = Release|Any CPU
		{8966E7AB-8FF2-AF82-A372-F1FD7C6F5922}.Release|Any CPU.Build.0 = Release|Any CPU
		{366E8425-4033-671F-D56D-DCF27FDF1BF1}.Debug|Any CPU.ActiveCfg = Debug|Any CPU
		{366E8425-4033-671F-D56D-DCF27FDF1BF1}.Debug|Any CPU.Build.0 = Debug|Any CPU
		{366E8425-4033-671F-D56D-DCF27FDF1BF1}.Release|Any CPU.ActiveCfg = Release|Any CPU
		{366E8425-4033-671F-D56D-DCF27FDF1BF1}.Release|Any CPU.Build.0 = Release|Any CPU
	EndGlobalSection
	GlobalSection(SolutionProperties) = preSolution
		HideSolutionNode = FALSE
	EndGlobalSection
EndGlobal
